
Microsoft Visual Studio Solution File, Format Version 12.00
# Visual Studio 2013
VisualStudioVersion = 12.0.31101.0
MinimumVisualStudioVersion = 10.0.40219.1
Project("{FAE04EC0-301F-11D3-BF4B-00C04F79EFBC}") = "Scenario", "Scenario\Scenario.csproj", "{A306F698-CCE5-49B7-9E2D-FDE3462AA9A8}"
EndProject
Project("{FAE04EC0-301F-11D3-BF4B-00C04F79EFBC}") = "Scenario.Test", "Scenario.Test\Scenario.Test.csproj", "{DBA2A10F-01DF-4E86-A9CB-F5FE60AFCBFE}"
EndProject
Project("{5697748A-77EF-44CA-8824-4F5637E5945B}") = "LuaStuff", "LuaStuff\LuaStuff.luaproj", "{E439935D-B2A2-46AE-856D-2AA408428F33}"
EndProject
Project("{FAE04EC0-301F-11D3-BF4B-00C04F79EFBC}") = "RpgDevUI", "RpgDevUI\RpgDevUI.csproj", "{7F1138EE-B9BD-45E1-A449-93D6BB601285}"
EndProject
Project("{FAE04EC0-301F-11D3-BF4B-00C04F79EFBC}") = "EventMessaging", "EventMessaging\EventMessaging.csproj", "{FB3D4D27-E619-409B-A7F5-A7610B9DA1C2}"
EndProject
Global
	GlobalSection(SolutionConfigurationPlatforms) = preSolution
		Debug|Any CPU = Debug|Any CPU
		Release|Any CPU = Release|Any CPU
	EndGlobalSection
	GlobalSection(ProjectConfigurationPlatforms) = postSolution
		{A306F698-CCE5-49B7-9E2D-FDE3462AA9A8}.Debug|Any CPU.ActiveCfg = Debug|Any CPU
		{A306F698-CCE5-49B7-9E2D-FDE3462AA9A8}.Debug|Any CPU.Build.0 = Debug|Any CPU
		{A306F698-CCE5-49B7-9E2D-FDE3462AA9A8}.Release|Any CPU.ActiveCfg = Release|Any CPU
		{A306F698-CCE5-49B7-9E2D-FDE3462AA9A8}.Release|Any CPU.Build.0 = Release|Any CPU
		{DBA2A10F-01DF-4E86-A9CB-F5FE60AFCBFE}.Debug|Any CPU.ActiveCfg = Debug|Any CPU
		{DBA2A10F-01DF-4E86-A9CB-F5FE60AFCBFE}.Debug|Any CPU.Build.0 = Debug|Any CPU
		{DBA2A10F-01DF-4E86-A9CB-F5FE60AFCBFE}.Release|Any CPU.ActiveCfg = Release|Any CPU
		{DBA2A10F-01DF-4E86-A9CB-F5FE60AFCBFE}.Release|Any CPU.Build.0 = Release|Any CPU
		{E439935D-B2A2-46AE-856D-2AA408428F33}.Debug|Any CPU.ActiveCfg = Debug|Any CPU
		{E439935D-B2A2-46AE-856D-2AA408428F33}.Debug|Any CPU.Build.0 = Debug|Any CPU
		{E439935D-B2A2-46AE-856D-2AA408428F33}.Release|Any CPU.ActiveCfg = Release|Any CPU
		{E439935D-B2A2-46AE-856D-2AA408428F33}.Release|Any CPU.Build.0 = Release|Any CPU
		{7F1138EE-B9BD-45E1-A449-93D6BB601285}.Debug|Any CPU.ActiveCfg = Debug|Any CPU
		{7F1138EE-B9BD-45E1-A449-93D6BB601285}.Debug|Any CPU.Build.0 = Debug|Any CPU
		{7F1138EE-B9BD-45E1-A449-93D6BB601285}.Release|Any CPU.ActiveCfg = Release|Any CPU
		{7F1138EE-B9BD-45E1-A449-93D6BB601285}.Release|Any CPU.Build.0 = Release|Any CPU
		{FB3D4D27-E619-409B-A7F5-A7610B9DA1C2}.Debug|Any CPU.ActiveCfg = Debug|Any CPU
		{FB3D4D27-E619-409B-A7F5-A7610B9DA1C2}.Debug|Any CPU.Build.0 = Debug|Any CPU
		{FB3D4D27-E619-409B-A7F5-A7610B9DA1C2}.Release|Any CPU.ActiveCfg = Release|Any CPU
		{FB3D4D27-E619-409B-A7F5-A7610B9DA1C2}.Release|Any CPU.Build.0 = Release|Any CPU
	EndGlobalSection
	GlobalSection(SolutionProperties) = preSolution
		HideSolutionNode = FALSE
	EndGlobalSection
EndGlobal
